// !$*UTF8*$!
{
	archiveVersion = 1;
	classes = {
	};
	objectVersion = 46;
	objects = {

/* Begin PBXBuildFile section */
		490272AC1EE3C52F00961C61 /* AppDelegate.swift in Sources */ = {isa = PBXBuildFile; fileRef = 490272AB1EE3C52F00961C61 /* AppDelegate.swift */; };
		490272AE1EE3C52F00961C61 /* ViewController.swift in Sources */ = {isa = PBXBuildFile; fileRef = 490272AD1EE3C52F00961C61 /* ViewController.swift */; };
		490272B11EE3C52F00961C61 /* Main.storyboard in Resources */ = {isa = PBXBuildFile; fileRef = 490272AF1EE3C52F00961C61 /* Main.storyboard */; };
		490272B41EE3C52F00961C61 /* TestFrameworks.xcdatamodeld in Sources */ = {isa = PBXBuildFile; fileRef = 490272B21EE3C52F00961C61 /* TestFrameworks.xcdatamodeld */; };
		490272B61EE3C52F00961C61 /* Assets.xcassets in Resources */ = {isa = PBXBuildFile; fileRef = 490272B51EE3C52F00961C61 /* Assets.xcassets */; };
		490272B91EE3C52F00961C61 /* LaunchScreen.storyboard in Resources */ = {isa = PBXBuildFile; fileRef = 490272B71EE3C52F00961C61 /* LaunchScreen.storyboard */; };
		490272C41EE3C52F00961C61 /* TestFrameworksTests.swift in Sources */ = {isa = PBXBuildFile; fileRef = 490272C31EE3C52F00961C61 /* TestFrameworksTests.swift */; };
		490272CF1EE3C52F00961C61 /* TestFrameworksUITests.swift in Sources */ = {isa = PBXBuildFile; fileRef = 490272CE1EE3C52F00961C61 /* TestFrameworksUITests.swift */; };
		490273141EE3C80C00961C61 /* MyFramework.framework in Frameworks */ = {isa = PBXBuildFile; fileRef = 490273111EE3C7EC00961C61 /* MyFramework.framework */; };
		490273151EE3C80C00961C61 /* MyFramework.framework in Embed Frameworks */ = {isa = PBXBuildFile; fileRef = 490273111EE3C7EC00961C61 /* MyFramework.framework */; settings = {ATTRIBUTES = (CodeSignOnCopy, RemoveHeadersOnCopy, ); }; };
/* End PBXBuildFile section */

/* Begin PBXContainerItemProxy section */
		490272C01EE3C52F00961C61 /* PBXContainerItemProxy */ = {
			isa = PBXContainerItemProxy;
			containerPortal = 490272A01EE3C52E00961C61 /* Project object */;
			proxyType = 1;
			remoteGlobalIDString = 490272A71EE3C52E00961C61;
			remoteInfo = TestFrameworks;
		};
		490272CB1EE3C52F00961C61 /* PBXContainerItemProxy */ = {
			isa = PBXContainerItemProxy;
			containerPortal = 490272A01EE3C52E00961C61 /* Project object */;
			proxyType = 1;
			remoteGlobalIDString = 490272A71EE3C52E00961C61;
			remoteInfo = TestFrameworks;
		};
		490273101EE3C7EC00961C61 /* PBXContainerItemProxy */ = {
			isa = PBXContainerItemProxy;
			containerPortal = 4902730B1EE3C7EC00961C61 /* MyFramework.xcodeproj */;
			proxyType = 2;
			remoteGlobalIDString = 490272E61EE3C5A600961C61;
			remoteInfo = MyFramework;
		};
		490273121EE3C7EC00961C61 /* PBXContainerItemProxy */ = {
			isa = PBXContainerItemProxy;
			containerPortal = 4902730B1EE3C7EC00961C61 /* MyFramework.xcodeproj */;
			proxyType = 2;
			remoteGlobalIDString = 490272EF1EE3C5A600961C61;
			remoteInfo = MyFrameworkTests;
		};
		490273161EE3C80C00961C61 /* PBXContainerItemProxy */ = {
			isa = PBXContainerItemProxy;
			containerPortal = 4902730B1EE3C7EC00961C61 /* MyFramework.xcodeproj */;
			proxyType = 1;
			remoteGlobalIDString = 490272E51EE3C5A600961C61;
			remoteInfo = MyFramework;
		};
/* End PBXContainerItemProxy section */

/* Begin PBXCopyFilesBuildPhase section */
		490273181EE3C80C00961C61 /* Embed Frameworks */ = {
			isa = PBXCopyFilesBuildPhase;
			buildActionMask = 2147483647;
			dstPath = "";
			dstSubfolderSpec = 10;
			files = (
				490273151EE3C80C00961C61 /* MyFramework.framework in Embed Frameworks */,
			);
			name = "Embed Frameworks";
			runOnlyForDeploymentPostprocessing = 0;
		};
/* End PBXCopyFilesBuildPhase section */

/* Begin PBXFileReference section */
		490272A81EE3C52E00961C61 /* TestFrameworks.app */ = {isa = PBXFileReference; explicitFileType = wrapper.application; includeInIndex = 0; path = TestFrameworks.app; sourceTree = BUILT_PRODUCTS_DIR; };
		490272AB1EE3C52F00961C61 /* AppDelegate.swift */ = {isa = PBXFileReference; lastKnownFileType = sourcecode.swift; path = AppDelegate.swift; sourceTree = "<group>"; };
		490272AD1EE3C52F00961C61 /* ViewController.swift */ = {isa = PBXFileReference; lastKnownFileType = sourcecode.swift; path = ViewController.swift; sourceTree = "<group>"; };
		490272B01EE3C52F00961C61 /* Base */ = {isa = PBXFileReference; lastKnownFileType = file.storyboard; name = Base; path = Base.lproj/Main.storyboard; sourceTree = "<group>"; };
		490272B31EE3C52F00961C61 /* TestFrameworks.xcdatamodel */ = {isa = PBXFileReference; lastKnownFileType = wrapper.xcdatamodel; path = TestFrameworks.xcdatamodel; sourceTree = "<group>"; };
		490272B51EE3C52F00961C61 /* Assets.xcassets */ = {isa = PBXFileReference; lastKnownFileType = folder.assetcatalog; path = Assets.xcassets; sourceTree = "<group>"; };
		490272B81EE3C52F00961C61 /* Base */ = {isa = PBXFileReference; lastKnownFileType = file.storyboard; name = Base; path = Base.lproj/LaunchScreen.storyboard; sourceTree = "<group>"; };
		490272BA1EE3C52F00961C61 /* Info.plist */ = {isa = PBXFileReference; lastKnownFileType = text.plist.xml; path = Info.plist; sourceTree = "<group>"; };
		490272BF1EE3C52F00961C61 /* TestFrameworksTests.xctest */ = {isa = PBXFileReference; explicitFileType = wrapper.cfbundle; includeInIndex = 0; path = TestFrameworksTests.xctest; sourceTree = BUILT_PRODUCTS_DIR; };
		490272C31EE3C52F00961C61 /* TestFrameworksTests.swift */ = {isa = PBXFileReference; lastKnownFileType = sourcecode.swift; path = TestFrameworksTests.swift; sourceTree = "<group>"; };
		490272C51EE3C52F00961C61 /* Info.plist */ = {isa = PBXFileReference; lastKnownFileType = text.plist.xml; path = Info.plist; sourceTree = "<group>"; };
		490272CA1EE3C52F00961C61 /* TestFrameworksUITests.xctest */ = {isa = PBXFileReference; explicitFileType = wrapper.cfbundle; includeInIndex = 0; path = TestFrameworksUITests.xctest; sourceTree = BUILT_PRODUCTS_DIR; };
		490272CE1EE3C52F00961C61 /* TestFrameworksUITests.swift */ = {isa = PBXFileReference; lastKnownFileType = sourcecode.swift; path = TestFrameworksUITests.swift; sourceTree = "<group>"; };
		490272D01EE3C52F00961C61 /* Info.plist */ = {isa = PBXFileReference; lastKnownFileType = text.plist.xml; path = Info.plist; sourceTree = "<group>"; };
		4902730B1EE3C7EC00961C61 /* MyFramework.xcodeproj */ = {isa = PBXFileReference; lastKnownFileType = "wrapper.pb-project"; name = MyFramework.xcodeproj; path = ../MyFramework/MyFramework.xcodeproj; sourceTree = "<group>"; };
/* End PBXFileReference section */

/* Begin PBXFrameworksBuildPhase section */
		490272A51EE3C52E00961C61 /* Frameworks */ = {
			isa = PBXFrameworksBuildPhase;
			buildActionMask = 2147483647;
			files = (
				490273141EE3C80C00961C61 /* MyFramework.framework in Frameworks */,
			);
			runOnlyForDeploymentPostprocessing = 0;
		};
		490272BC1EE3C52F00961C61 /* Frameworks */ = {
			isa = PBXFrameworksBuildPhase;
			buildActionMask = 2147483647;
			files = (
			);
			runOnlyForDeploymentPostprocessing = 0;
		};
		490272C71EE3C52F00961C61 /* Frameworks */ = {
			isa = PBXFrameworksBuildPhase;
			buildActionMask = 2147483647;
			files = (
			);
			runOnlyForDeploymentPostprocessing = 0;
		};
/* End PBXFrameworksBuildPhase section */

/* Begin PBXGroup section */
		4902729F1EE3C52E00961C61 = {
			isa = PBXGroup;
			children = (
				4902730B1EE3C7EC00961C61 /* MyFramework.xcodeproj */,
				490272AA1EE3C52E00961C61 /* TestFrameworks */,
				490272C21EE3C52F00961C61 /* TestFrameworksTests */,
				490272CD1EE3C52F00961C61 /* TestFrameworksUITests */,
				490272A91EE3C52E00961C61 /* Products */,
			);
			sourceTree = "<group>";
		};
		490272A91EE3C52E00961C61 /* Products */ = {
			isa = PBXGroup;
			children = (
				490272A81EE3C52E00961C61 /* TestFrameworks.app */,
				490272BF1EE3C52F00961C61 /* TestFrameworksTests.xctest */,
				490272CA1EE3C52F00961C61 /* TestFrameworksUITests.xctest */,
			);
			name = Products;
			sourceTree = "<group>";
		};
		490272AA1EE3C52E00961C61 /* TestFrameworks */ = {
			isa = PBXGroup;
			children = (
				490272AB1EE3C52F00961C61 /* AppDelegate.swift */,
				490272AD1EE3C52F00961C61 /* ViewController.swift */,
				490272AF1EE3C52F00961C61 /* Main.storyboard */,
				490272B51EE3C52F00961C61 /* Assets.xcassets */,
				490272B71EE3C52F00961C61 /* LaunchScreen.storyboard */,
				490272BA1EE3C52F00961C61 /* Info.plist */,
				490272B21EE3C52F00961C61 /* TestFrameworks.xcdatamodeld */,
			);
			path = TestFrameworks;
			sourceTree = "<group>";
		};
		490272C21EE3C52F00961C61 /* TestFrameworksTests */ = {
			isa = PBXGroup;
			children = (
				490272C31EE3C52F00961C61 /* TestFrameworksTests.swift */,
				490272C51EE3C52F00961C61 /* Info.plist */,
			);
			path = TestFrameworksTests;
			sourceTree = "<group>";
		};
		490272CD1EE3C52F00961C61 /* TestFrameworksUITests */ = {
			isa = PBXGroup;
			children = (
				490272CE1EE3C52F00961C61 /* TestFrameworksUITests.swift */,
				490272D01EE3C52F00961C61 /* Info.plist */,
			);
			path = TestFrameworksUITests;
			sourceTree = "<group>";
		};
		4902730C1EE3C7EC00961C61 /* Products */ = {
			isa = PBXGroup;
			children = (
				490273111EE3C7EC00961C61 /* MyFramework.framework */,
				490273131EE3C7EC00961C61 /* MyFrameworkTests.xctest */,
			);
			name = Products;
			sourceTree = "<group>";
		};
/* End PBXGroup section */

/* Begin PBXNativeTarget section */
		490272A71EE3C52E00961C61 /* TestFrameworks */ = {
			isa = PBXNativeTarget;
			buildConfigurationList = 490272D31EE3C52F00961C61 /* Build configuration list for PBXNativeTarget "TestFrameworks" */;
			buildPhases = (
				490272A41EE3C52E00961C61 /* Sources */,
				490272A51EE3C52E00961C61 /* Frameworks */,
				490272A61EE3C52E00961C61 /* Resources */,
				490273181EE3C80C00961C61 /* Embed Frameworks */,
			);
			buildRules = (
			);
			dependencies = (
				490273171EE3C80C00961C61 /* PBXTargetDependency */,
			);
			name = TestFrameworks;
			productName = TestFrameworks;
			productReference = 490272A81EE3C52E00961C61 /* TestFrameworks.app */;
			productType = "com.apple.product-type.application";
		};
		490272BE1EE3C52F00961C61 /* TestFrameworksTests */ = {
			isa = PBXNativeTarget;
			buildConfigurationList = 490272D61EE3C52F00961C61 /* Build configuration list for PBXNativeTarget "TestFrameworksTests" */;
			buildPhases = (
				490272BB1EE3C52F00961C61 /* Sources */,
				490272BC1EE3C52F00961C61 /* Frameworks */,
				490272BD1EE3C52F00961C61 /* Resources */,
			);
			buildRules = (
			);
			dependencies = (
				490272C11EE3C52F00961C61 /* PBXTargetDependency */,
			);
			name = TestFrameworksTests;
			productName = TestFrameworksTests;
			productReference = 490272BF1EE3C52F00961C61 /* TestFrameworksTests.xctest */;
			productType = "com.apple.product-type.bundle.unit-test";
		};
		490272C91EE3C52F00961C61 /* TestFrameworksUITests */ = {
			isa = PBXNativeTarget;
			buildConfigurationList = 490272D91EE3C52F00961C61 /* Build configuration list for PBXNativeTarget "TestFrameworksUITests" */;
			buildPhases = (
				490272C61EE3C52F00961C61 /* Sources */,
				490272C71EE3C52F00961C61 /* Frameworks */,
				490272C81EE3C52F00961C61 /* Resources */,
			);
			buildRules = (
			);
			dependencies = (
				490272CC1EE3C52F00961C61 /* PBXTargetDependency */,
			);
			name = TestFrameworksUITests;
			productName = TestFrameworksUITests;
			productReference = 490272CA1EE3C52F00961C61 /* TestFrameworksUITests.xctest */;
			productType = "com.apple.product-type.bundle.ui-testing";
		};
/* End PBXNativeTarget section */

/* Begin PBXProject section */
		490272A01EE3C52E00961C61 /* Project object */ = {
			isa = PBXProject;
			attributes = {
				LastSwiftUpdateCheck = 0830;
				LastUpgradeCheck = 0830;
				ORGANIZATIONNAME = "pradeep kumar misra";
				TargetAttributes = {
					490272A71EE3C52E00961C61 = {
						CreatedOnToolsVersion = 8.3.2;
						ProvisioningStyle = Automatic;
					};
					490272BE1EE3C52F00961C61 = {
						CreatedOnToolsVersion = 8.3.2;
						ProvisioningStyle = Automatic;
						TestTargetID = 490272A71EE3C52E00961C61;
					};
					490272C91EE3C52F00961C61 = {
						CreatedOnToolsVersion = 8.3.2;
						ProvisioningStyle = Automatic;
						TestTargetID = 490272A71EE3C52E00961C61;
					};
				};
			};
			buildConfigurationList = 490272A31EE3C52E00961C61 /* Build configuration list for PBXProject "TestFrameworks" */;
			compatibilityVersion = "Xcode 3.2";
			developmentRegion = English;
			hasScannedForEncodings = 0;
			knownRegions = (
				en,
				Base,
			);
			mainGroup = 4902729F1EE3C52E00961C61;
			productRefGroup = 490272A91EE3C52E00961C61 /* Products */;
			projectDirPath = "";
			projectReferences = (
				{
					ProductGroup = 4902730C1EE3C7EC00961C61 /* Products */;
					ProjectRef = 4902730B1EE3C7EC00961C61 /* MyFramework.xcodeproj */;
				},
			);
			projectRoot = "";
			targets = (
				490272A71EE3C52E00961C61 /* TestFrameworks */,
				490272BE1EE3C52F00961C61 /* TestFrameworksTests */,
				490272C91EE3C52F00961C61 /* TestFrameworksUITests */,
			);
		};
/* End PBXProject section */

/* Begin PBXReferenceProxy section */
		490273111EE3C7EC00961C61 /* MyFramework.framework */ = {
			isa = PBXReferenceProxy;
			fileType = wrapper.framework;
			path = MyFramework.framework;
			remoteRef = 490273101EE3C7EC00961C61 /* PBXContainerItemProxy */;
			sourceTree = BUILT_PRODUCTS_DIR;
		};
		490273131EE3C7EC00961C61 /* MyFrameworkTests.xctest */ = {
			isa = PBXReferenceProxy;
			fileType = wrapper.cfbundle;
			path = MyFrameworkTests.xctest;
			remoteRef = 490273121EE3C7EC00961C61 /* PBXContainerItemProxy */;
			sourceTree = BUILT_PRODUCTS_DIR;
		};
/* End PBXReferenceProxy section */

/* Begin PBXResourcesBuildPhase section */
		490272A61EE3C52E00961C61 /* Resources */ = {
			isa = PBXResourcesBuildPhase;
			buildActionMask = 2147483647;
			files = (
				490272B91EE3C52F00961C61 /* LaunchScreen.storyboard in Resources */,
				490272B61EE3C52F00961C61 /* Assets.xcassets in Resources */,
				490272B11EE3C52F00961C61 /* Main.storyboard in Resources */,
			);
			runOnlyForDeploymentPostprocessing = 0;
		};
		490272BD1EE3C52F00961C61 /* Resources */ = {
			isa = PBXResourcesBuildPhase;
			buildActionMask = 2147483647;
			files = (
			);
			runOnlyForDeploymentPostprocessing = 0;
		};
		490272C81EE3C52F00961C61 /* Resources */ = {
			isa = PBXResourcesBuildPhase;
			buildActionMask = 2147483647;
			files = (
			);
			runOnlyForDeploymentPostprocessing = 0;
		};
/* End PBXResourcesBuildPhase section */

/* Begin PBXSourcesBuildPhase section */
		490272A41EE3C52E00961C61 /* Sources */ = {
			isa = PBXSourcesBuildPhase;
			buildActionMask = 2147483647;
			files = (
				490272AE1EE3C52F00961C61 /* ViewController.swift in Sources */,
				490272B41EE3C52F00961C61 /* TestFrameworks.xcdatamodeld in Sources */,
				490272AC1EE3C52F00961C61 /* AppDelegate.swift in Sources */,
			);
			runOnlyForDeploymentPostprocessing = 0;
		};
		490272BB1EE3C52F00961C61 /* Sources */ = {
			isa = PBXSourcesBuildPhase;
			buildActionMask = 2147483647;
			files = (
				490272C41EE3C52F00961C61 /* TestFrameworksTests.swift in Sources */,
			);
			runOnlyForDeploymentPostprocessing = 0;
		};
		490272C61EE3C52F00961C61 /* Sources */ = {
			isa = PBXSourcesBuildPhase;
			buildActionMask = 2147483647;
			files = (
				490272CF1EE3C52F00961C61 /* TestFrameworksUITests.swift in Sources */,
			);
			runOnlyForDeploymentPostprocessing = 0;
		};
/* End PBXSourcesBuildPhase section */

/* Begin PBXTargetDependency section */
		490272C11EE3C52F00961C61 /* PBXTargetDependency */ = {
			isa = PBXTargetDependency;
			target = 490272A71EE3C52E00961C61 /* TestFrameworks */;
			targetProxy = 490272C01EE3C52F00961C61 /* PBXContainerItemProxy */;
		};
		490272CC1EE3C52F00961C61 /* PBXTargetDependency */ = {
			isa = PBXTargetDependency;
			target = 490272A71EE3C52E00961C61 /* TestFrameworks */;
			targetProxy = 490272CB1EE3C52F00961C61 /* PBXContainerItemProxy */;
		};
		490273171EE3C80C00961C61 /* PBXTargetDependency */ = {
			isa = PBXTargetDependency;
			name = MyFramework;
			targetProxy = 490273161EE3C80C00961C61 /* PBXContainerItemProxy */;
		};
/* End PBXTargetDependency section */

/* Begin PBXVariantGroup section */
		490272AF1EE3C52F00961C61 /* Main.storyboard */ = {
			isa = PBXVariantGroup;
			children = (
				490272B01EE3C52F00961C61 /* Base */,
			);
			name = Main.storyboard;
			sourceTree = "<group>";
		};
		490272B71EE3C52F00961C61 /* LaunchScreen.storyboard */ = {
			isa = PBXVariantGroup;
			children = (
				490272B81EE3C52F00961C61 /* Base */,
			);
			name = LaunchScreen.storyboard;
			sourceTree = "<group>";
		};
/* End PBXVariantGroup section */

/* Begin XCBuildConfiguration section */
		490272D11EE3C52F00961C61 /* Debug */ = {
			isa = XCBuildConfiguration;
			buildSettings = {
				ALWAYS_SEARCH_USER_PATHS = NO;
				CLANG_ANALYZER_NONNULL = YES;
				CLANG_ANALYZER_NUMBER_OBJECT_CONVERSION = YES_AGGRESSIVE;
				CLANG_CXX_LANGUAGE_STANDARD = "gnu++0x";
				CLANG_CXX_LIBRARY = "libc++";
				CLANG_ENABLE_MODULES = YES;
				CLANG_ENABLE_OBJC_ARC = YES;
				CLANG_WARN_BOOL_CONVERSION = YES;
				CLANG_WARN_CONSTANT_CONVERSION = YES;
				CLANG_WARN_DIRECT_OBJC_ISA_USAGE = YES_ERROR;
				CLANG_WARN_DOCUMENTATION_COMMENTS = YES;
				CLANG_WARN_EMPTY_BODY = YES;
				CLANG_WARN_ENUM_CONVERSION = YES;
				CLANG_WARN_INFINITE_RECURSION = YES;
				CLANG_WARN_INT_CONVERSION = YES;
				CLANG_WARN_OBJC_ROOT_CLASS = YES_ERROR;
				CLANG_WARN_SUSPICIOUS_MOVE = YES;
				CLANG_WARN_UNREACHABLE_CODE = YES;
				CLANG_WARN__DUPLICATE_METHOD_MATCH = YES;
				"CODE_SIGN_IDENTITY[sdk=iphoneos*]" = "iPhone Developer";
				COPY_PHASE_STRIP = NO;
				DEBUG_INFORMATION_FORMAT = dwarf;
				ENABLE_STRICT_OBJC_MSGSEND = YES;
				ENABLE_TESTABILITY = YES;
				GCC_C_LANGUAGE_STANDARD = gnu99;
				GCC_DYNAMIC_NO_PIC = NO;
				GCC_NO_COMMON_BLOCKS = YES;
				GCC_OPTIMIZATION_LEVEL = 0;
				GCC_PREPROCESSOR_DEFINITIONS = (
					"DEBUG=1",
					"$(inherited)",
				);
				GCC_WARN_64_TO_32_BIT_CONVERSION = YES;
				GCC_WARN_ABOUT_RETURN_TYPE = YES_ERROR;
				GCC_WARN_UNDECLARED_SELECTOR = YES;
				GCC_WARN_UNINITIALIZED_AUTOS = YES_AGGRESSIVE;
				GCC_WARN_UNUSED_FUNCTION = YES;
				GCC_WARN_UNUSED_VARIABLE = YES;
				IPHONEOS_DEPLOYMENT_TARGET = 10.3;
				MTL_ENABLE_DEBUG_INFO = YES;
				ONLY_ACTIVE_ARCH = YES;
				SDKROOT = iphoneos;
				SWIFT_ACTIVE_COMPILATION_CONDITIONS = DEBUG;
				SWIFT_OPTIMIZATION_LEVEL = "-Onone";
				TARGETED_DEVICE_FAMILY = "1,2";
			};
			name = Debug;
		};
		490272D21EE3C52F00961C61 /* Release */ = {
			isa = XCBuildConfiguration;
			buildSettings = {
				ALWAYS_SEARCH_USER_PATHS = NO;
				CLANG_ANALYZER_NONNULL = YES;
				CLANG_ANALYZER_NUMBER_OBJECT_CONVERSION = YES_AGGRESSIVE;
				CLANG_CXX_LANGUAGE_STANDARD = "gnu++0x";
				CLANG_CXX_LIBRARY = "libc++";
				CLANG_ENABLE_MODULES = YES;
				CLANG_ENABLE_OBJC_ARC = YES;
				CLANG_WARN_BOOL_CONVERSION = YES;
				CLANG_WARN_CONSTANT_CONVERSION = YES;
				CLANG_WARN_DIRECT_OBJC_ISA_USAGE = YES_ERROR;
				CLANG_WARN_DOCUMENTATION_COMMENTS = YES;
				CLANG_WARN_EMPTY_BODY = YES;
				CLANG_WARN_ENUM_CONVERSION = YES;
				CLANG_WARN_INFINITE_RECURSION = YES;
				CLANG_WARN_INT_CONVERSION = YES;
				CLANG_WARN_OBJC_ROOT_CLASS = YES_ERROR;
				CLANG_WARN_SUSPICIOUS_MOVE = YES;
				CLANG_WARN_UNREACHABLE_CODE = YES;
				CLANG_WARN__DUPLICATE_METHOD_MATCH = YES;
				"CODE_SIGN_IDENTITY[sdk=iphoneos*]" = "iPhone Developer";
				COPY_PHASE_STRIP = NO;
				DEBUG_INFORMATION_FORMAT = "dwarf-with-dsym";
				ENABLE_NS_ASSERTIONS = NO;
				ENABLE_STRICT_OBJC_MSGSEND = YES;
				GCC_C_LANGUAGE_STANDARD = gnu99;
				GCC_NO_COMMON_BLOCKS = YES;
				GCC_WARN_64_TO_32_BIT_CONVERSION = YES;
				GCC_WARN_ABOUT_RETURN_TYPE = YES_ERROR;
				GCC_WARN_UNDECLARED_SELECTOR = YES;
				GCC_WARN_UNINITIALIZED_AUTOS = YES_AGGRESSIVE;
				GCC_WARN_UNUSED_FUNCTION = YES;
				GCC_WARN_UNUSED_VARIABLE = YES;
				IPHONEOS_DEPLOYMENT_TARGET = 10.3;
				MTL_ENABLE_DEBUG_INFO = NO;
				SDKROOT = iphoneos;
				SWIFT_OPTIMIZATION_LEVEL = "-Owholemodule";
				TARGETED_DEVICE_FAMILY = "1,2";
				VALIDATE_PRODUCT = YES;
			};
			name = Release;
		};
		490272D41EE3C52F00961C61 /* Debug */ = {
			isa = XCBuildConfiguration;
			buildSettings = {
				ALWAYS_EMBED_SWIFT_STANDARD_LIBRARIES = YES;
				ASSETCATALOG_COMPILER_APPICON_NAME = AppIcon;
				INFOPLIST_FILE = TestFrameworks/Info.plist;
				LD_RUNPATH_SEARCH_PATHS = "$(inherited) @executable_path/Frameworks";
				PRODUCT_BUNDLE_IDENTIFIER = Mphasis.TestFrameworks;
				PRODUCT_NAME = "$(TARGET_NAME)";
				SWIFT_VERSION = 3.0;
			};
			name = Debug;
		};
		490272D51EE3C52F00961C61 /* Release */ = {
			isa = XCBuildConfiguration;
			buildSettings = {
				ALWAYS_EMBED_SWIFT_STANDARD_LIBRARIES = YES;
				ASSETCATALOG_COMPILER_APPICON_NAME = AppIcon;
				INFOPLIST_FILE = TestFrameworks/Info.plist;
				LD_RUNPATH_SEARCH_PATHS = "$(inherited) @executable_path/Frameworks";
				PRODUCT_BUNDLE_IDENTIFIER = Mphasis.TestFrameworks;
				PRODUCT_NAME = "$(TARGET_NAME)";
				SWIFT_VERSION = 3.0;
			};
			name = Release;
		};
		490272D71EE3C52F00961C61 /* Debug */ = {
			isa = XCBuildConfiguration;
			buildSettings = {
				ALWAYS_EMBED_SWIFT_STANDARD_LIBRARIES = YES;
				BUNDLE_LOADER = "$(TEST_HOST)";
				INFOPLIST_FILE = TestFrameworksTests/Info.plist;
				LD_RUNPATH_SEARCH_PATHS = "$(inherited) @executable_path/Frameworks @loader_path/Frameworks";
				PRODUCT_BUNDLE_IDENTIFIER = Mphasis.TestFrameworksTests;
				PRODUCT_NAME = "$(TARGET_NAME)";
				SWIFT_VERSION = 3.0;
				TEST_HOST = "$(BUILT_PRODUCTS_DIR)/TestFrameworks.app/TestFrameworks";
			};
			name = Debug;
		};
		490272D81EE3C52F00961C61 /* Release */ = {
			isa = XCBuildConfiguration;
			buildSettings = {
				ALWAYS_EMBED_SWIFT_STANDARD_LIBRARIES = YES;
				BUNDLE_LOADER = "$(TEST_HOST)";
				INFOPLIST_FILE = TestFrameworksTests/Info.plist;
				LD_RUNPATH_SEARCH_PATHS = "$(inherited) @executable_path/Frameworks @loader_path/Frameworks";
				PRODUCT_BUNDLE_IDENTIFIER = Mphasis.TestFrameworksTests;
				PRODUCT_NAME = "$(TARGET_NAME)";
				SWIFT_VERSION = 3.0;
				TEST_HOST = "$(BUILT_PRODUCTS_DIR)/TestFrameworks.app/TestFrameworks";
			};
			name = Release;
		};
		490272DA1EE3C52F00961C61 /* Debug */ = {
			isa = XCBuildConfiguration;
			buildSettings = {
				ALWAYS_EMBED_SWIFT_STANDARD_LIBRARIES = YES;
				INFOPLIST_FILE = TestFrameworksUITests/Info.plist;
				LD_RUNPATH_SEARCH_PATHS = "$(inherited) @executable_path/Frameworks @loader_path/Frameworks";
				PRODUCT_BUNDLE_IDENTIFIER = Mphasis.TestFrameworksUITests;
				PRODUCT_NAME = "$(TARGET_NAME)";
				SWIFT_VERSION = 3.0;
				TEST_TARGET_NAME = TestFrameworks;
			};
			name = Debug;
		};
		490272DB1EE3C52F00961C61 /* Release */ = {
			isa = XCBuildConfiguration;
			buildSettings = {
				ALWAYS_EMBED_SWIFT_STANDARD_LIBRARIES = YES;
				INFOPLIST_FILE = TestFrameworksUITests/Info.plist;
				LD_RUNPATH_SEARCH_PATHS = "$(inherited) @executable_path/Frameworks @loader_path/Frameworks";
				PRODUCT_BUNDLE_IDENTIFIER = Mphasis.TestFrameworksUITests;
				PRODUCT_NAME = "$(TARGET_NAME)";
				SWIFT_VERSION = 3.0;
				TEST_TARGET_NAME = TestFrameworks;
			};
			name = Release;
		};
/* End XCBuildConfiguration section */

/* Begin XCConfigurationList section */
		490272A31EE3C52E00961C61 /* Build configuration list for PBXProject "TestFrameworks" */ = {
			isa = XCConfigurationList;
			buildConfigurations = (
				490272D11EE3C52F00961C61 /* Debug */,
				490272D21EE3C52F00961C61 /* Release */,
			);
			defaultConfigurationIsVisible = 0;
			defaultConfigurationName = Release;
		};
		490272D31EE3C52F00961C61 /* Build configuration list for PBXNativeTarget "TestFrameworks" */ = {
			isa = XCConfigurationList;
			buildConfigurations = (
				490272D41EE3C52F00961C61 /* Debug */,
				490272D51EE3C52F00961C61 /* Release */,
			);
			defaultConfigurationIsVisible = 0;
			defaultConfigurationName = Release;
		};
		490272D61EE3C52F00961C61 /* Build configuration list for PBXNativeTarget "TestFrameworksTests" */ = {
			isa = XCConfigurationList;
			buildConfigurations = (
				490272D71EE3C52F00961C61 /* Debug */,
				490272D81EE3C52F00961C61 /* Release */,
			);
			defaultConfigurationIsVisible = 0;
			defaultConfigurationName = Release;
		};
		490272D91EE3C52F00961C61 /* Build configuration list for PBXNativeTarget "TestFrameworksUITests" */ = {
			isa = XCConfigurationList;
			buildConfigurations = (
				490272DA1EE3C52F00961C61 /* Debug */,
				490272DB1EE3C52F00961C61 /* Release */,
			);
			defaultConfigurationIsVisible = 0;
			defaultConfigurationName = Release;
		};
/* End XCConfigurationList section */

/* Begin XCVersionGroup section */
		490272B21EE3C52F00961C61 /* TestFrameworks.xcdatamodeld */ = {
			isa = XCVersionGroup;
			children = (
				490272B31EE3C52F00961C61 /* TestFrameworks.xcdatamodel */,
			);
			currentVersion = 490272B31EE3C52F00961C61 /* TestFrameworks.xcdatamodel */;
			path = TestFrameworks.xcdatamodeld;
			sourceTree = "<group>";
			versionGroupType = wrapper.xcdatamodel;
		};
/* End XCVersionGroup section */
	};
	rootObject = 490272A01EE3C52E00961C61 /* Project object */;
}
